// !$*UTF8*$!
{
	archiveVersion = 1;
	classes = {
	};
	objectVersion = 56;
	objects = {

/* Begin PBXBuildFile section */
		249755EA29A4C821006BDCE5 /* AppDelegate.swift in Sources */ = {isa = PBXBuildFile; fileRef = 249755E929A4C821006BDCE5 /* AppDelegate.swift */; };
		249755EC29A4C821006BDCE5 /* SceneDelegate.swift in Sources */ = {isa = PBXBuildFile; fileRef = 249755EB29A4C821006BDCE5 /* SceneDelegate.swift */; };
		249755EE29A4C821006BDCE5 /* ViewParametersVisualationViewController.swift in Sources */ = {isa = PBXBuildFile; fileRef = 249755ED29A4C821006BDCE5 /* ViewParametersVisualationViewController.swift */; };
		249755F129A4C821006BDCE5 /* Main.storyboard in Resources */ = {isa = PBXBuildFile; fileRef = 249755EF29A4C821006BDCE5 /* Main.storyboard */; };
		249755F329A4C823006BDCE5 /* Assets.xcassets in Resources */ = {isa = PBXBuildFile; fileRef = 249755F229A4C823006BDCE5 /* Assets.xcassets */; };
		249755FE29A4C89A006BDCE5 /* DrawingTriangleViewController.swift in Sources */ = {isa = PBXBuildFile; fileRef = 249755FD29A4C89A006BDCE5 /* DrawingTriangleViewController.swift */; };
		2497560129A4D940006BDCE5 /* VisualFormatLanguageConstraintViewController.swift in Sources */ = {isa = PBXBuildFile; fileRef = 2497560029A4D940006BDCE5 /* VisualFormatLanguageConstraintViewController.swift */; };
		2497560329A4E722006BDCE5 /* ProgrammaticConstraintsViewController.swift in Sources */ = {isa = PBXBuildFile; fileRef = 2497560229A4E722006BDCE5 /* ProgrammaticConstraintsViewController.swift */; };
/* End PBXBuildFile section */

/* Begin PBXFileReference section */
		249755E629A4C821006BDCE5 /* uikit-workshop.app */ = {isa = PBXFileReference; explicitFileType = wrapper.application; includeInIndex = 0; path = "uikit-workshop.app"; sourceTree = BUILT_PRODUCTS_DIR; };
		249755E929A4C821006BDCE5 /* AppDelegate.swift */ = {isa = PBXFileReference; lastKnownFileType = sourcecode.swift; path = AppDelegate.swift; sourceTree = "<group>"; };
		249755EB29A4C821006BDCE5 /* SceneDelegate.swift */ = {isa = PBXFileReference; lastKnownFileType = sourcecode.swift; path = SceneDelegate.swift; sourceTree = "<group>"; };
		249755ED29A4C821006BDCE5 /* ViewParametersVisualationViewController.swift */ = {isa = PBXFileReference; lastKnownFileType = sourcecode.swift; path = ViewParametersVisualationViewController.swift; sourceTree = "<group>"; };
		249755F029A4C821006BDCE5 /* Base */ = {isa = PBXFileReference; lastKnownFileType = file.storyboard; name = Base; path = Base.lproj/Main.storyboard; sourceTree = "<group>"; };
		249755F229A4C823006BDCE5 /* Assets.xcassets */ = {isa = PBXFileReference; lastKnownFileType = folder.assetcatalog; path = Assets.xcassets; sourceTree = "<group>"; };
		249755F729A4C823006BDCE5 /* Info.plist */ = {isa = PBXFileReference; lastKnownFileType = text.plist.xml; path = Info.plist; sourceTree = "<group>"; };
		249755FD29A4C89A006BDCE5 /* DrawingTriangleViewController.swift */ = {isa = PBXFileReference; lastKnownFileType = sourcecode.swift; path = DrawingTriangleViewController.swift; sourceTree = "<group>"; };
		2497560029A4D940006BDCE5 /* VisualFormatLanguageConstraintViewController.swift */ = {isa = PBXFileReference; lastKnownFileType = sourcecode.swift; path = VisualFormatLanguageConstraintViewController.swift; sourceTree = "<group>"; };
		2497560229A4E722006BDCE5 /* ProgrammaticConstraintsViewController.swift */ = {isa = PBXFileReference; lastKnownFileType = sourcecode.swift; path = ProgrammaticConstraintsViewController.swift; sourceTree = "<group>"; };
/* End PBXFileReference section */

/* Begin PBXFrameworksBuildPhase section */
		249755E329A4C821006BDCE5 /* Frameworks */ = {
			isa = PBXFrameworksBuildPhase;
			buildActionMask = 2147483647;
			files = (
			);
			runOnlyForDeploymentPostprocessing = 0;
		};
/* End PBXFrameworksBuildPhase section */

/* Begin PBXGroup section */
		249755DD29A4C821006BDCE5 = {
			isa = PBXGroup;
			children = (
				249755E829A4C821006BDCE5 /* ukit-workshop */,
				249755E729A4C821006BDCE5 /* Products */,
			);
			sourceTree = "<group>";
		};
		249755E729A4C821006BDCE5 /* Products */ = {
			isa = PBXGroup;
			children = (
				249755E629A4C821006BDCE5 /* uikit-workshop.app */,
			);
			name = Products;
			sourceTree = "<group>";
		};
		249755E829A4C821006BDCE5 /* ukit-workshop */ = {
			isa = PBXGroup;
			children = (
				249755FF29A4C8C2006BDCE5 /* ViewControllers */,
				249755E929A4C821006BDCE5 /* AppDelegate.swift */,
				249755EB29A4C821006BDCE5 /* SceneDelegate.swift */,
				249755EF29A4C821006BDCE5 /* Main.storyboard */,
				249755F229A4C823006BDCE5 /* Assets.xcassets */,
				249755F729A4C823006BDCE5 /* Info.plist */,
			);
			path = "ukit-workshop";
			sourceTree = "<group>";
		};
		249755FF29A4C8C2006BDCE5 /* ViewControllers */ = {
			isa = PBXGroup;
			children = (
				249755FD29A4C89A006BDCE5 /* DrawingTriangleViewController.swift */,
				249755ED29A4C821006BDCE5 /* ViewParametersVisualationViewController.swift */,
				2497560029A4D940006BDCE5 /* VisualFormatLanguageConstraintViewController.swift */,
				2497560229A4E722006BDCE5 /* ProgrammaticConstraintsViewController.swift */,
			);
			path = ViewControllers;
			sourceTree = "<group>";
		};
/* End PBXGroup section */

/* Begin PBXNativeTarget section */
		249755E529A4C821006BDCE5 /* uikit-workshop */ = {
			isa = PBXNativeTarget;
			buildConfigurationList = 249755FA29A4C823006BDCE5 /* Build configuration list for PBXNativeTarget "uikit-workshop" */;
			buildPhases = (
				249755E229A4C821006BDCE5 /* Sources */,
				249755E329A4C821006BDCE5 /* Frameworks */,
				249755E429A4C821006BDCE5 /* Resources */,
			);
			buildRules = (
			);
			dependencies = (
			);
			name = "uikit-workshop";
			productName = "ukit-workshop";
			productReference = 249755E629A4C821006BDCE5 /* uikit-workshop.app */;
			productType = "com.apple.product-type.application";
		};
/* End PBXNativeTarget section */

/* Begin PBXProject section */
		249755DE29A4C821006BDCE5 /* Project object */ = {
			isa = PBXProject;
			attributes = {
				BuildIndependentTargetsInParallel = 1;
				LastSwiftUpdateCheck = 1420;
				LastUpgradeCheck = 1420;
				TargetAttributes = {
					249755E529A4C821006BDCE5 = {
						CreatedOnToolsVersion = 14.2;
					};
				};
			};
			buildConfigurationList = 249755E129A4C821006BDCE5 /* Build configuration list for PBXProject "uikit-workshop" */;
			compatibilityVersion = "Xcode 14.0";
			developmentRegion = en;
			hasScannedForEncodings = 0;
			knownRegions = (
				en,
				Base,
			);
			mainGroup = 249755DD29A4C821006BDCE5;
			productRefGroup = 249755E729A4C821006BDCE5 /* Products */;
			projectDirPath = "";
			projectRoot = "";
			targets = (
				249755E529A4C821006BDCE5 /* uikit-workshop */,
			);
		};
/* End PBXProject section */

/* Begin PBXResourcesBuildPhase section */
		249755E429A4C821006BDCE5 /* Resources */ = {
			isa = PBXResourcesBuildPhase;
			buildActionMask = 2147483647;
			files = (
				249755F329A4C823006BDCE5 /* Assets.xcassets in Resources */,
				249755F129A4C821006BDCE5 /* Main.storyboard in Resources */,
			);
			runOnlyForDeploymentPostprocessing = 0;
		};
/* End PBXResourcesBuildPhase section */

/* Begin PBXSourcesBuildPhase section */
		249755E229A4C821006BDCE5 /* Sources */ = {
			isa = PBXSourcesBuildPhase;
			buildActionMask = 2147483647;
			files = (
				249755EE29A4C821006BDCE5 /* ViewParametersVisualationViewController.swift in Sources */,
				2497560129A4D940006BDCE5 /* VisualFormatLanguageConstraintViewController.swift in Sources */,
				249755EA29A4C821006BDCE5 /* AppDelegate.swift in Sources */,
				249755EC29A4C821006BDCE5 /* SceneDelegate.swift in Sources */,
				249755FE29A4C89A006BDCE5 /* DrawingTriangleViewController.swift in Sources */,
				2497560329A4E722006BDCE5 /* ProgrammaticConstraintsViewController.swift in Sources */,
			);
			runOnlyForDeploymentPostprocessing = 0;
		};
/* End PBXSourcesBuildPhase section */

/* Begin PBXVariantGroup section */
		249755EF29A4C821006BDCE5 /* Main.storyboard */ = {
			isa = PBXVariantGroup;
			children = (
				249755F029A4C821006BDCE5 /* Base */,
			);
			name = Main.storyboard;
			sourceTree = "<group>";
		};
/* End PBXVariantGroup section */

/* Begin XCBuildConfiguration section */
		249755F829A4C823006BDCE5 /* Debug */ = {
			isa = XCBuildConfiguration;
			buildSettings = {
				ALWAYS_SEARCH_USER_PATHS = NO;
				CLANG_ANALYZER_NONNULL = YES;
				CLANG_ANALYZER_NUMBER_OBJECT_CONVERSION = YES_AGGRESSIVE;
				CLANG_CXX_LANGUAGE_STANDARD = "gnu++20";
				CLANG_ENABLE_MODULES = YES;
				CLANG_ENABLE_OBJC_ARC = YES;
				CLANG_ENABLE_OBJC_WEAK = YES;
				CLANG_WARN_BLOCK_CAPTURE_AUTORELEASING = YES;
				CLANG_WARN_BOOL_CONVERSION = YES;
				CLANG_WARN_COMMA = YES;
				CLANG_WARN_CONSTANT_CONVERSION = YES;
				CLANG_WARN_DEPRECATED_OBJC_IMPLEMENTATIONS = YES;
				CLANG_WARN_DIRECT_OBJC_ISA_USAGE = YES_ERROR;
				CLANG_WARN_DOCUMENTATION_COMMENTS = YES;
				CLANG_WARN_EMPTY_BODY = YES;
				CLANG_WARN_ENUM_CONVERSION = YES;
				CLANG_WARN_INFINITE_RECURSION = YES;
				CLANG_WARN_INT_CONVERSION = YES;
				CLANG_WARN_NON_LITERAL_NULL_CONVERSION = YES;
				CLANG_WARN_OBJC_IMPLICIT_RETAIN_SELF = YES;
				CLANG_WARN_OBJC_LITERAL_CONVERSION = YES;
				CLANG_WARN_OBJC_ROOT_CLASS = YES_ERROR;
				CLANG_WARN_QUOTED_INCLUDE_IN_FRAMEWORK_HEADER = YES;
				CLANG_WARN_RANGE_LOOP_ANALYSIS = YES;
				CLANG_WARN_STRICT_PROTOTYPES = YES;
				CLANG_WARN_SUSPICIOUS_MOVE = YES;
				CLANG_WARN_UNGUARDED_AVAILABILITY = YES_AGGRESSIVE;
				CLANG_WARN_UNREACHABLE_CODE = YES;
				CLANG_WARN__DUPLICATE_METHOD_MATCH = YES;
				COPY_PHASE_STRIP = NO;
				DEBUG_INFORMATION_FORMAT = dwarf;
				ENABLE_STRICT_OBJC_MSGSEND = YES;
				ENABLE_TESTABILITY = YES;
				GCC_C_LANGUAGE_STANDARD = gnu11;
				GCC_DYNAMIC_NO_PIC = NO;
				GCC_NO_COMMON_BLOCKS = YES;
				GCC_OPTIMIZATION_LEVEL = 0;
				GCC_PREPROCESSOR_DEFINITIONS = (
					"DEBUG=1",
					"$(inherited)",
				);
				GCC_WARN_64_TO_32_BIT_CONVERSION = YES;
				GCC_WARN_ABOUT_RETURN_TYPE = YES_ERROR;
				GCC_WARN_UNDECLARED_SELECTOR = YES;
				GCC_WARN_UNINITIALIZED_AUTOS = YES_AGGRESSIVE;
				GCC_WARN_UNUSED_FUNCTION = YES;
				GCC_WARN_UNUSED_VARIABLE = YES;
				IPHONEOS_DEPLOYMENT_TARGET = 16.2;
				MTL_ENABLE_DEBUG_INFO = INCLUDE_SOURCE;
				MTL_FAST_MATH = YES;
				ONLY_ACTIVE_ARCH = YES;
				SDKROOT = iphoneos;
				SWIFT_ACTIVE_COMPILATION_CONDITIONS = DEBUG;
				SWIFT_OPTIMIZATION_LEVEL = "-Onone";
			};
			name = Debug;
		};
		249755F929A4C823006BDCE5 /* Release */ = {
			isa = XCBuildConfiguration;
			buildSettings = {
				ALWAYS_SEARCH_USER_PATHS = NO;
				CLANG_ANALYZER_NONNULL = YES;
				CLANG_ANALYZER_NUMBER_OBJECT_CONVERSION = YES_AGGRESSIVE;
				CLANG_CXX_LANGUAGE_STANDARD = "gnu++20";
				CLANG_ENABLE_MODULES = YES;
				CLANG_ENABLE_OBJC_ARC = YES;
				CLANG_ENABLE_OBJC_WEAK = YES;
				CLANG_WARN_BLOCK_CAPTURE_AUTORELEASING = YES;
				CLANG_WARN_BOOL_CONVERSION = YES;
				CLANG_WARN_COMMA = YES;
				CLANG_WARN_CONSTANT_CONVERSION = YES;
				CLANG_WARN_DEPRECATED_OBJC_IMPLEMENTATIONS = YES;
				CLANG_WARN_DIRECT_OBJC_ISA_USAGE = YES_ERROR;
				CLANG_WARN_DOCUMENTATION_COMMENTS = YES;
				CLANG_WARN_EMPTY_BODY = YES;
				CLANG_WARN_ENUM_CONVERSION = YES;
				CLANG_WARN_INFINITE_RECURSION = YES;
				CLANG_WARN_INT_CONVERSION = YES;
				CLANG_WARN_NON_LITERAL_NULL_CONVERSION = YES;
				CLANG_WARN_OBJC_IMPLICIT_RETAIN_SELF = YES;
				CLANG_WARN_OBJC_LITERAL_CONVERSION = YES;
				CLANG_WARN_OBJC_ROOT_CLASS = YES_ERROR;
				CLANG_WARN_QUOTED_INCLUDE_IN_FRAMEWORK_HEADER = YES;
				CLANG_WARN_RANGE_LOOP_ANALYSIS = YES;
				CLANG_WARN_STRICT_PROTOTYPES = YES;
				CLANG_WARN_SUSPICIOUS_MOVE = YES;
				CLANG_WARN_UNGUARDED_AVAILABILITY = YES_AGGRESSIVE;
				CLANG_WARN_UNREACHABLE_CODE = YES;
				CLANG_WARN__DUPLICATE_METHOD_MATCH = YES;
				COPY_PHASE_STRIP = NO;
				DEBUG_INFORMATION_FORMAT = "dwarf-with-dsym";
				ENABLE_NS_ASSERTIONS = NO;
				ENABLE_STRICT_OBJC_MSGSEND = YES;
				GCC_C_LANGUAGE_STANDARD = gnu11;
				GCC_NO_COMMON_BLOCKS = YES;
				GCC_WARN_64_TO_32_BIT_CONVERSION = YES;
				GCC_WARN_ABOUT_RETURN_TYPE = YES_ERROR;
				GCC_WARN_UNDECLARED_SELECTOR = YES;
				GCC_WARN_UNINITIALIZED_AUTOS = YES_AGGRESSIVE;
				GCC_WARN_UNUSED_FUNCTION = YES;
				GCC_WARN_UNUSED_VARIABLE = YES;
				IPHONEOS_DEPLOYMENT_TARGET = 16.2;
				MTL_ENABLE_DEBUG_INFO = NO;
				MTL_FAST_MATH = YES;
				SDKROOT = iphoneos;
				SWIFT_COMPILATION_MODE = wholemodule;
				SWIFT_OPTIMIZATION_LEVEL = "-O";
				VALIDATE_PRODUCT = YES;
			};
			name = Release;
		};
		249755FB29A4C823006BDCE5 /* Debug */ = {
			isa = XCBuildConfiguration;
			buildSettings = {
				ASSETCATALOG_COMPILER_APPICON_NAME = AppIcon;
				ASSETCATALOG_COMPILER_GLOBAL_ACCENT_COLOR_NAME = AccentColor;
				CODE_SIGN_STYLE = Automatic;
				CURRENT_PROJECT_VERSION = 1;
				DEVELOPMENT_TEAM = 5CMSMP845N;
				GENERATE_INFOPLIST_FILE = YES;
				INFOPLIST_FILE = "ukit-workshop/Info.plist";
				INFOPLIST_KEY_UIApplicationSupportsIndirectInputEvents = YES;
				INFOPLIST_KEY_UILaunchStoryboardName = LaunchScreen;
				INFOPLIST_KEY_UIMainStoryboardFile = Main;
				INFOPLIST_KEY_UISupportedInterfaceOrientations_iPad = "UIInterfaceOrientationPortrait UIInterfaceOrientationPortraitUpsideDown UIInterfaceOrientationLandscapeLeft UIInterfaceOrientationLandscapeRight";
				INFOPLIST_KEY_UISupportedInterfaceOrientations_iPhone = "UIInterfaceOrientationPortrait UIInterfaceOrientationLandscapeLeft UIInterfaceOrientationLandscapeRight";
				LD_RUNPATH_SEARCH_PATHS = (
					"$(inherited)",
					"@executable_path/Frameworks",
				);
				MARKETING_VERSION = 1.0;
				PRODUCT_BUNDLE_IDENTIFIER = "uikit-workshop.serge.co.za.ukit-workshop";
				PRODUCT_NAME = "$(TARGET_NAME)";
				SWIFT_EMIT_LOC_STRINGS = YES;
				SWIFT_VERSION = 5.0;
				TARGETED_DEVICE_FAMILY = "1,2";
			};
			name = Debug;
		};
		249755FC29A4C823006BDCE5 /* Release */ = {
			isa = XCBuildConfiguration;
			buildSettings = {
				ASSETCATALOG_COMPILER_APPICON_NAME = AppIcon;
				ASSETCATALOG_COMPILER_GLOBAL_ACCENT_COLOR_NAME = AccentColor;
				CODE_SIGN_STYLE = Automatic;
				CURRENT_PROJECT_VERSION = 1;
				DEVELOPMENT_TEAM = 5CMSMP845N;
				GENERATE_INFOPLIST_FILE = YES;
				INFOPLIST_FILE = "ukit-workshop/Info.plist";
				INFOPLIST_KEY_UIApplicationSupportsIndirectInputEvents = YES;
				INFOPLIST_KEY_UILaunchStoryboardName = LaunchScreen;
				INFOPLIST_KEY_UIMainStoryboardFile = Main;
				INFOPLIST_KEY_UISupportedInterfaceOrientations_iPad = "UIInterfaceOrientationPortrait UIInterfaceOrientationPortraitUpsideDown UIInterfaceOrientationLandscapeLeft UIInterfaceOrientationLandscapeRight";
				INFOPLIST_KEY_UISupportedInterfaceOrientations_iPhone = "UIInterfaceOrientationPortrait UIInterfaceOrientationLandscapeLeft UIInterfaceOrientationLandscapeRight";
				LD_RUNPATH_SEARCH_PATHS = (
					"$(inherited)",
					"@executable_path/Frameworks",
				);
				MARKETING_VERSION = 1.0;
				PRODUCT_BUNDLE_IDENTIFIER = "uikit-workshop.serge.co.za.ukit-workshop";
				PRODUCT_NAME = "$(TARGET_NAME)";
				SWIFT_EMIT_LOC_STRINGS = YES;
				SWIFT_VERSION = 5.0;
				TARGETED_DEVICE_FAMILY = "1,2";
			};
			name = Release;
		};
/* End XCBuildConfiguration section */

/* Begin XCConfigurationList section */
		249755E129A4C821006BDCE5 /* Build configuration list for PBXProject "uikit-workshop" */ = {
			isa = XCConfigurationList;
			buildConfigurations = (
				249755F829A4C823006BDCE5 /* Debug */,
				249755F929A4C823006BDCE5 /* Release */,
			);
			defaultConfigurationIsVisible = 0;
			defaultConfigurationName = Release;
		};
		249755FA29A4C823006BDCE5 /* Build configuration list for PBXNativeTarget "uikit-workshop" */ = {
			isa = XCConfigurationList;
			buildConfigurations = (
				249755FB29A4C823006BDCE5 /* Debug */,
				249755FC29A4C823006BDCE5 /* Release */,
			);
			defaultConfigurationIsVisible = 0;
			defaultConfigurationName = Release;
		};
/* End XCConfigurationList section */
	};
	rootObject = 249755DE29A4C821006BDCE5 /* Project object */;
}
